{
  "name": "@selfage/service_descriptor",
  "version": "3.8.0",
  "lockfileVersion": 2,
  "requires": true,
  "packages": {
    "": {
      "name": "@selfage/service_descriptor",
      "version": "3.8.0",
      "license": "GPL-3.0-or-later",
      "dependencies": {
        "@selfage/message": "^3.1.3"
      },
      "devDependencies": {
        "@selfage/tsconfig": "^1.0.3",
        "typescript": "^5.4.5"
      }
    },
    "node_modules/@selfage/message": {
      "version": "3.1.7",
      "resolved": "https://registry.npmjs.org/@selfage/message/-/message-3.1.7.tgz",
      "integrity": "sha512-zFk7O2mJYMccw87zHVXwO6mymi8z6D7cMrZQmexEv70XuHTDz0onf3XTnFRFu8o5DygM4IzTkiaupthDecWhBg==",
      "dependencies": {
        "@selfage/test_matcher": "^1.1.2"
      }
    },
    "node_modules/@selfage/test_matcher": {
      "version": "1.1.2",
      "resolved": "https://registry.npmjs.org/@selfage/test_matcher/-/test_matcher-1.1.2.tgz",
      "integrity": "sha512-Su4JW9oBVEw325Q1KVgxzo4zqT5PLWfhbS+yTMmuZOycekXqKPeO95pW9p3xYhJ7TTXW2qDaz1YF9y17JjXtWg=="
    },
    "node_modules/@selfage/tsconfig": {
      "version": "1.0.7",
      "resolved": "https://registry.npmjs.org/@selfage/tsconfig/-/tsconfig-1.0.7.tgz",
      "integrity": "sha512-8qk0kkWMfL/hHiV400QaplaZbMJoArFETxYT+3z/T3BZ5Cx0SeZgKB6N+sledpchZBZzpcGHx9d00+uf+faGfA==",
      "dev": true
    },
    "node_modules/typescript": {
      "version": "5.4.5",
      "resolved": "https://registry.npmjs.org/typescript/-/typescript-5.4.5.tgz",
      "integrity": "sha512-vcI4UpRgg81oIRUFwR0WSIHKt11nJ7SAVlYNIu+QpqeyXP+gpQJy/Z4+F0aGxSE4MqwjyXvW/TzgkLAx2AGHwQ==",
      "dev": true,
      "bin": {
        "tsc": "bin/tsc",
        "tsserver": "bin/tsserver"
      },
      "engines": {
        "node": ">=14.17"
      }
    }
  },
  "dependencies": {
    "@selfage/message": {
      "version": "3.1.7",
      "resolved": "https://registry.npmjs.org/@selfage/message/-/message-3.1.7.tgz",
      "integrity": "sha512-zFk7O2mJYMccw87zHVXwO6mymi8z6D7cMrZQmexEv70XuHTDz0onf3XTnFRFu8o5DygM4IzTkiaupthDecWhBg==",
      "requires": {
        "@selfage/test_matcher": "^1.1.2"
      }
    },
    "@selfage/test_matcher": {
      "version": "1.1.2",
      "resolved": "https://registry.npmjs.org/@selfage/test_matcher/-/test_matcher-1.1.2.tgz",
      "integrity": "sha512-Su4JW9oBVEw325Q1KVgxzo4zqT5PLWfhbS+yTMmuZOycekXqKPeO95pW9p3xYhJ7TTXW2qDaz1YF9y17JjXtWg=="
    },
    "@selfage/tsconfig": {
      "version": "1.0.7",
      "resolved": "https://registry.npmjs.org/@selfage/tsconfig/-/tsconfig-1.0.7.tgz",
      "integrity": "sha512-8qk0kkWMfL/hHiV400QaplaZbMJoArFETxYT+3z/T3BZ5Cx0SeZgKB6N+sledpchZBZzpcGHx9d00+uf+faGfA==",
      "dev": true
    },
    "typescript": {
      "version": "5.4.5",
      "resolved": "https://registry.npmjs.org/typescript/-/typescript-5.4.5.tgz",
      "integrity": "sha512-vcI4UpRgg81oIRUFwR0WSIHKt11nJ7SAVlYNIu+QpqeyXP+gpQJy/Z4+F0aGxSE4MqwjyXvW/TzgkLAx2AGHwQ==",
      "dev": true
    }
  }
}
