{
  "name": "@selfage/service_descriptor",
  "version": "1.0.4",
  "lockfileVersion": 2,
  "requires": true,
  "packages": {
    "": {
      "name": "@selfage/service_descriptor",
      "version": "1.0.4",
      "license": "GPL-3.0-or-later",
      "dependencies": {
        "@selfage/message": "^1.0.4"
      },
      "devDependencies": {
        "@selfage/tsconfig": "^1.0.3",
        "typescript": "^4.1.3"
      }
    },
    "node_modules/@selfage/message": {
      "version": "1.0.4",
      "resolved": "https://registry.npmjs.org/@selfage/message/-/message-1.0.4.tgz",
      "integrity": "sha512-X/o9emtEV1tUJG16Ije0gEJ4rt+5auV16How1k34d1LIoi8O/ycT0oa3oyDRA7iyUne67yVy9sHQzVJfQyQEXg==",
      "license": "GPL-3.0-or-later",
      "dependencies": {
        "@selfage/observable_array": "^1.0.9",
        "@selfage/test_matcher": "^1.0.3"
      }
    },
    "node_modules/@selfage/observable_array": {
      "version": "1.0.9",
      "resolved": "https://registry.npmjs.org/@selfage/observable_array/-/observable_array-1.0.9.tgz",
      "integrity": "sha512-rUUT51uJNlo4bCQtgKoGJKOzfWdTcSWDMmDGeT4rxOylI5xduol6nwPYEyf67rg+FfrcMKPcH2egh0OMLmLssQ==",
      "dependencies": {
        "@selfage/test_matcher": "^1.0.3"
      }
    },
    "node_modules/@selfage/test_matcher": {
      "version": "1.0.3",
      "resolved": "https://registry.npmjs.org/@selfage/test_matcher/-/test_matcher-1.0.3.tgz",
      "integrity": "sha512-TO0qKGFJtTpe+jCT6WWmjYFKwGH2d6EkzK/0fm7dea5xuzWm8maYqol37c94+o40p0j9lRXzlZIQCEOCLtYeDQ=="
    },
    "node_modules/@selfage/tsconfig": {
      "version": "1.0.3",
      "resolved": "https://registry.npmjs.org/@selfage/tsconfig/-/tsconfig-1.0.3.tgz",
      "integrity": "sha512-Rzvev8laiYIoXY2fyAGLSaLzqu5GSMAHdgyJa4uyLHke3w8Z8gppax3Td5Tf140qn1Vh6IjI8W9wSVwwwLf+TQ==",
      "dev": true
    },
    "node_modules/typescript": {
      "version": "4.1.3",
      "resolved": "https://registry.npmjs.org/typescript/-/typescript-4.1.3.tgz",
      "integrity": "sha512-B3ZIOf1IKeH2ixgHhj6la6xdwR9QrLC5d1VKeCSY4tvkqhF2eqd9O7txNlS0PO3GrBAFIdr3L1ndNwteUbZLYg==",
      "dev": true,
      "bin": {
        "tsc": "bin/tsc",
        "tsserver": "bin/tsserver"
      },
      "engines": {
        "node": ">=4.2.0"
      }
    }
  },
  "dependencies": {
    "@selfage/message": {
      "version": "1.0.4",
      "resolved": "https://registry.npmjs.org/@selfage/message/-/message-1.0.4.tgz",
      "integrity": "sha512-X/o9emtEV1tUJG16Ije0gEJ4rt+5auV16How1k34d1LIoi8O/ycT0oa3oyDRA7iyUne67yVy9sHQzVJfQyQEXg==",
      "requires": {
        "@selfage/observable_array": "^1.0.9",
        "@selfage/test_matcher": "^1.0.3"
      }
    },
    "@selfage/observable_array": {
      "version": "1.0.9",
      "resolved": "https://registry.npmjs.org/@selfage/observable_array/-/observable_array-1.0.9.tgz",
      "integrity": "sha512-rUUT51uJNlo4bCQtgKoGJKOzfWdTcSWDMmDGeT4rxOylI5xduol6nwPYEyf67rg+FfrcMKPcH2egh0OMLmLssQ==",
      "requires": {
        "@selfage/test_matcher": "^1.0.3"
      }
    },
    "@selfage/test_matcher": {
      "version": "1.0.3",
      "resolved": "https://registry.npmjs.org/@selfage/test_matcher/-/test_matcher-1.0.3.tgz",
      "integrity": "sha512-TO0qKGFJtTpe+jCT6WWmjYFKwGH2d6EkzK/0fm7dea5xuzWm8maYqol37c94+o40p0j9lRXzlZIQCEOCLtYeDQ=="
    },
    "@selfage/tsconfig": {
      "version": "1.0.3",
      "resolved": "https://registry.npmjs.org/@selfage/tsconfig/-/tsconfig-1.0.3.tgz",
      "integrity": "sha512-Rzvev8laiYIoXY2fyAGLSaLzqu5GSMAHdgyJa4uyLHke3w8Z8gppax3Td5Tf140qn1Vh6IjI8W9wSVwwwLf+TQ==",
      "dev": true
    },
    "typescript": {
      "version": "4.1.3",
      "resolved": "https://registry.npmjs.org/typescript/-/typescript-4.1.3.tgz",
      "integrity": "sha512-B3ZIOf1IKeH2ixgHhj6la6xdwR9QrLC5d1VKeCSY4tvkqhF2eqd9O7txNlS0PO3GrBAFIdr3L1ndNwteUbZLYg==",
      "dev": true
    }
  }
}
